
Microsoft Visual Studio Solution File, Format Version 12.00
# Visual Studio Version 17
VisualStudioVersion = 17.11.35219.272
MinimumVisualStudioVersion = 10.0.40219.1
Project("{FAE04EC0-301F-11D3-BF4B-00C04F79EFBC}") = "FlowControl", "FlowControl.csproj", "{8F84AC13-0F91-440D-AB35-560D67370CA2}"
EndProject
Global
	GlobalSection(SolutionConfigurationPlatforms) = preSolution
		Debug|Any CPU = Debug|Any CPU
		Release|Any CPU = Release|Any CPU
	EndGlobalSection
	GlobalSection(ProjectConfigurationPlatforms) = postSolution
		{8F84AC13-0F91-440D-AB35-560D67370CA2}.Debug|Any CPU.ActiveCfg = Debug|Any CPU
		{8F84AC13-0F91-440D-AB35-560D67370CA2}.Debug|Any CPU.Build.0 = Debug|Any CPU
		{8F84AC13-0F91-440D-AB35-560D67370CA2}.Release|Any CPU.ActiveCfg = Release|Any CPU
		{8F84AC13-0F91-440D-AB35-560D67370CA2}.Release|Any CPU.Build.0 = Release|Any CPU
	EndGlobalSection
	GlobalSection(SolutionProperties) = preSolution
		HideSolutionNode = FALSE
	EndGlobalSection
	GlobalSection(ExtensibilityGlobals) = postSolution
		SolutionGuid = {6FC0F444-90AA-4787-AFA0-A42DCCB56B56}
	EndGlobalSection
EndGlobal
